
Microsoft Visual Studio Solution File, Format Version 12.00
# Visual Studio Version 17
VisualStudioVersion = 17.4.33403.182
MinimumVisualStudioVersion = 10.0.40219.1
Project("{8BC9CEB8-8B4A-11D0-8D11-00A0C91BC942}") = "UnitTestTimer", "UnitTestTimer.vcxproj", "{5A7E5149-3E72-4E1B-ADB8-2A3C91F7C495}"
EndProject
Global
	GlobalSection(SolutionConfigurationPlatforms) = preSolution
		Debug|x64 = Debug|x64
		Debug|x86 = Debug|x86
		Release|x64 = Release|x64
		Release|x86 = Release|x86
	EndGlobalSection
	GlobalSection(ProjectConfigurationPlatforms) = postSolution
		{5A7E5149-3E72-4E1B-ADB8-2A3C91F7C495}.Debug|x64.ActiveCfg = Debug|x64
		{5A7E5149-3E72-4E1B-ADB8-2A3C91F7C495}.Debug|x64.Build.0 = Debug|x64
		{5A7E5149-3E72-4E1B-ADB8-2A3C91F7C495}.Debug|x86.ActiveCfg = Debug|Win32
		{5A7E5149-3E72-4E1B-ADB8-2A3C91F7C495}.Debug|x86.Build.0 = Debug|Win32
		{5A7E5149-3E72-4E1B-ADB8-2A3C91F7C495}.Release|x64.ActiveCfg = Release|x64
		{5A7E5149-3E72-4E1B-ADB8-2A3C91F7C495}.Release|x64.Build.0 = Release|x64
		{5A7E5149-3E72-4E1B-ADB8-2A3C91F7C495}.Release|x86.ActiveCfg = Release|Win32
		{5A7E5149-3E72-4E1B-ADB8-2A3C91F7C495}.Release|x86.Build.0 = Release|Win32
	EndGlobalSection
	GlobalSection(SolutionProperties) = preSolution
		HideSolutionNode = FALSE
	EndGlobalSection
	GlobalSection(ExtensibilityGlobals) = postSolution
		SolutionGuid = {5C1A9564-29A2-4250-8281-904DA12C057B}
	EndGlobalSection
EndGlobal
