<?xml version="1.0" encoding="utf-8"?>
<Project ToolsVersion="4.0" xmlns="http://schemas.microsoft.com/developer/msbuild/2003">
  <ItemGroup>
    <Filter Include="Исходные файлы">
      <UniqueIdentifier>{4FC737F1-C7A5-4376-A066-2A32D752A2FF}</UniqueIdentifier>
      <Extensions>cpp;c;cc;cxx;c++;cppm;ixx;def;odl;idl;hpj;bat;asm;asmx</Extensions>
    </Filter>
    <Filter Include="Файлы заголовков">
      <UniqueIdentifier>{93995380-89BD-4b04-88EB-625FBE52EBFB}</UniqueIdentifier>
      <Extensions>h;hh;hpp;hxx;h++;hm;inl;inc;ipp;xsd</Extensions>
    </Filter>
    <Filter Include="Файлы ресурсов">
      <UniqueIdentifier>{67DA6AB6-F800-4c08-8B7A-83BB121AAD01}</UniqueIdentifier>
      <Extensions>rc;ico;cur;bmp;dlg;rc2;rct;bin;rgs;gif;jpg;jpeg;jpe;resx;tiff;tif;png;wav;mfcribbon-ms</Extensions>
    </Filter>
  </ItemGroup>
  <ItemGroup>
    <ClCompile Include="Main.cpp">
      <Filter>Исходные файлы</Filter>
    </ClCompile>
    <ClCompile Include="AppLib.cpp">
      <Filter>Исходные файлы</Filter>
    </ClCompile>
    <ClCompile Include="Shell.cpp">
      <Filter>Исходные файлы</Filter>
    </ClCompile>
    <ClCompile Include="Task_01.cpp">
      <Filter>Исходные файлы</Filter>
    </ClCompile>
    <ClCompile Include="Timer.cpp">
      <Filter>Исходные файлы</Filter>
    </ClCompile>
    <ClCompile Include="Task_02.cpp">
      <Filter>Исходные файлы</Filter>
    </ClCompile>
    <ClCompile Include="Task_03.cpp">
      <Filter>Исходные файлы</Filter>
    </ClCompile>
    <ClCompile Include="Task_04.cpp">
      <Filter>Исходные файлы</Filter>
    </ClCompile>
    <ClCompile Include="Task_05.cpp">
      <Filter>Исходные файлы</Filter>
    </ClCompile>
    <ClCompile Include="Task_06.cpp">
      <Filter>Исходные файлы</Filter>
    </ClCompile>
    <ClCompile Include="Task_07.cpp">
      <Filter>Исходные файлы</Filter>
    </ClCompile>
    <ClCompile Include="Task_08.cpp">
      <Filter>Исходные файлы</Filter>
    </ClCompile>
    <ClCompile Include="Task_09.cpp">
      <Filter>Исходные файлы</Filter>
    </ClCompile>
    <ClCompile Include="Task_10.cpp">
      <Filter>Исходные файлы</Filter>
    </ClCompile>
    <ClCompile Include="Task_11.cpp">
      <Filter>Исходные файлы</Filter>
    </ClCompile>
    <ClCompile Include="Task_12.cpp">
      <Filter>Исходные файлы</Filter>
    </ClCompile>
    <ClCompile Include="Task_13.cpp">
      <Filter>Исходные файлы</Filter>
    </ClCompile>
    <ClCompile Include="Task_14.cpp">
      <Filter>Исходные файлы</Filter>
    </ClCompile>
    <ClCompile Include="Task_15.cpp">
      <Filter>Исходные файлы</Filter>
    </ClCompile>
    <ClCompile Include="Task_16.cpp">
      <Filter>Исходные файлы</Filter>
    </ClCompile>
    <ClCompile Include="Task_17.cpp">
      <Filter>Исходные файлы</Filter>
    </ClCompile>
    <ClCompile Include="Task_18.cpp">
      <Filter>Исходные файлы</Filter>
    </ClCompile>
    <ClCompile Include="Task_19.cpp">
      <Filter>Исходные файлы</Filter>
    </ClCompile>
    <ClCompile Include="Task_20.cpp">
      <Filter>Исходные файлы</Filter>
    </ClCompile>
    <ClCompile Include="Task_21.cpp">
      <Filter>Исходные файлы</Filter>
    </ClCompile>
    <ClCompile Include="Task_22.cpp">
      <Filter>Исходные файлы</Filter>
    </ClCompile>
    <ClCompile Include="Task_23.cpp">
      <Filter>Исходные файлы</Filter>
    </ClCompile>
    <ClCompile Include="Task_24.cpp">
      <Filter>Исходные файлы</Filter>
    </ClCompile>
    <ClCompile Include="Task_25.cpp">
      <Filter>Исходные файлы</Filter>
    </ClCompile>
  </ItemGroup>
  <ItemGroup>
    <ClInclude Include="AppLib.h">
      <Filter>Файлы заголовков</Filter>
    </ClInclude>
    <ClInclude Include="Shell.h">
      <Filter>Файлы заголовков</Filter>
    </ClInclude>
    <ClInclude Include="Task.h">
      <Filter>Файлы заголовков</Filter>
    </ClInclude>
    <ClInclude Include="Task_01.h">
      <Filter>Файлы заголовков</Filter>
    </ClInclude>
    <ClInclude Include="Timer.h">
      <Filter>Файлы заголовков</Filter>
    </ClInclude>
    <ClInclude Include="Task_02.h">
      <Filter>Файлы заголовков</Filter>
    </ClInclude>
    <ClInclude Include="Task_03.h">
      <Filter>Файлы заголовков</Filter>
    </ClInclude>
    <ClInclude Include="Task_04.h">
      <Filter>Файлы заголовков</Filter>
    </ClInclude>
    <ClInclude Include="Task_05.h">
      <Filter>Файлы заголовков</Filter>
    </ClInclude>
    <ClInclude Include="Task_06.h">
      <Filter>Файлы заголовков</Filter>
    </ClInclude>
    <ClInclude Include="Task_07.h">
      <Filter>Файлы заголовков</Filter>
    </ClInclude>
    <ClInclude Include="Task_08.h">
      <Filter>Файлы заголовков</Filter>
    </ClInclude>
    <ClInclude Include="Task_09.h">
      <Filter>Файлы заголовков</Filter>
    </ClInclude>
    <ClInclude Include="Task_10.h">
      <Filter>Файлы заголовков</Filter>
    </ClInclude>
    <ClInclude Include="Task_11.h">
      <Filter>Файлы заголовков</Filter>
    </ClInclude>
    <ClInclude Include="Task_12.h">
      <Filter>Файлы заголовков</Filter>
    </ClInclude>
    <ClInclude Include="Task_13.h">
      <Filter>Файлы заголовков</Filter>
    </ClInclude>
    <ClInclude Include="Task_14.h">
      <Filter>Файлы заголовков</Filter>
    </ClInclude>
    <ClInclude Include="Task_15.h">
      <Filter>Файлы заголовков</Filter>
    </ClInclude>
    <ClInclude Include="Task_16.h">
      <Filter>Файлы заголовков</Filter>
    </ClInclude>
    <ClInclude Include="Task_17.h">
      <Filter>Файлы заголовков</Filter>
    </ClInclude>
    <ClInclude Include="Task_18.h">
      <Filter>Файлы заголовков</Filter>
    </ClInclude>
    <ClInclude Include="Task_19.h">
      <Filter>Файлы заголовков</Filter>
    </ClInclude>
    <ClInclude Include="Task_20.h">
      <Filter>Файлы заголовков</Filter>
    </ClInclude>
    <ClInclude Include="Task_21.h">
      <Filter>Файлы заголовков</Filter>
    </ClInclude>
    <ClInclude Include="Task_22.h">
      <Filter>Файлы заголовков</Filter>
    </ClInclude>
    <ClInclude Include="Task_23.h">
      <Filter>Файлы заголовков</Filter>
    </ClInclude>
    <ClInclude Include="Task_24.h">
      <Filter>Файлы заголовков</Filter>
    </ClInclude>
    <ClInclude Include="Task_25.h">
      <Filter>Файлы заголовков</Filter>
    </ClInclude>
  </ItemGroup>
  <ItemGroup>
    <MASM Include="asm32.asm">
      <Filter>Исходные файлы</Filter>
    </MASM>
    <MASM Include="asm64.asm">
      <Filter>Исходные файлы</Filter>
    </MASM>
  </ItemGroup>
</Project>