
Microsoft Visual Studio Solution File, Format Version 12.00
# Visual Studio Version 17
VisualStudioVersion = 17.4.33403.182
MinimumVisualStudioVersion = 10.0.40219.1
Project("{8BC9CEB8-8B4A-11D0-8D11-00A0C91BC942}") = "SineBenchmark", "SineBenchmark.vcxproj", "{C73BC971-E0CB-48D9-899B-E4BDF8F5EA1C}"
EndProject
Global
	GlobalSection(SolutionConfigurationPlatforms) = preSolution
		Debug|x64 = Debug|x64
		Debug|x86 = Debug|x86
		Release|x64 = Release|x64
		Release|x86 = Release|x86
	EndGlobalSection
	GlobalSection(ProjectConfigurationPlatforms) = postSolution
		{C73BC971-E0CB-48D9-899B-E4BDF8F5EA1C}.Debug|x64.ActiveCfg = Debug|x64
		{C73BC971-E0CB-48D9-899B-E4BDF8F5EA1C}.Debug|x64.Build.0 = Debug|x64
		{C73BC971-E0CB-48D9-899B-E4BDF8F5EA1C}.Debug|x86.ActiveCfg = Debug|Win32
		{C73BC971-E0CB-48D9-899B-E4BDF8F5EA1C}.Debug|x86.Build.0 = Debug|Win32
		{C73BC971-E0CB-48D9-899B-E4BDF8F5EA1C}.Release|x64.ActiveCfg = Release|x64
		{C73BC971-E0CB-48D9-899B-E4BDF8F5EA1C}.Release|x64.Build.0 = Release|x64
		{C73BC971-E0CB-48D9-899B-E4BDF8F5EA1C}.Release|x86.ActiveCfg = Release|Win32
		{C73BC971-E0CB-48D9-899B-E4BDF8F5EA1C}.Release|x86.Build.0 = Release|Win32
	EndGlobalSection
	GlobalSection(SolutionProperties) = preSolution
		HideSolutionNode = FALSE
	EndGlobalSection
	GlobalSection(ExtensibilityGlobals) = postSolution
		SolutionGuid = {CFE4027A-9A3F-42B4-B952-852DE42528C2}
	EndGlobalSection
EndGlobal
